// !$*UTF8*$!
{
	archiveVersion = 1;
	classes = {
	};
	objectVersion = 50;
	objects = {

/* Begin PBXBuildFile section */
		D134068C252123F200C7E07B /* AppDelegate.swift in Sources */ = {isa = PBXBuildFile; fileRef = D134068B252123F200C7E07B /* AppDelegate.swift */; };
		D134068E252123F200C7E07B /* art.scnassets in Resources */ = {isa = PBXBuildFile; fileRef = D134068D252123F200C7E07B /* art.scnassets */; };
		D1340690252123F200C7E07B /* ViewController.swift in Sources */ = {isa = PBXBuildFile; fileRef = D134068F252123F200C7E07B /* ViewController.swift */; };
		D1340693252123F200C7E07B /* Main.storyboard in Resources */ = {isa = PBXBuildFile; fileRef = D1340691252123F200C7E07B /* Main.storyboard */; };
		D1340695252123F300C7E07B /* Assets.xcassets in Resources */ = {isa = PBXBuildFile; fileRef = D1340694252123F300C7E07B /* Assets.xcassets */; };
		D1340698252123F300C7E07B /* LaunchScreen.storyboard in Resources */ = {isa = PBXBuildFile; fileRef = D1340696252123F300C7E07B /* LaunchScreen.storyboard */; };
		D13406A3252123F300C7E07B /* ARDiceeTests.swift in Sources */ = {isa = PBXBuildFile; fileRef = D13406A2252123F300C7E07B /* ARDiceeTests.swift */; };
		D13406AE252123F300C7E07B /* ARDiceeUITests.swift in Sources */ = {isa = PBXBuildFile; fileRef = D13406AD252123F300C7E07B /* ARDiceeUITests.swift */; };
/* End PBXBuildFile section */

/* Begin PBXContainerItemProxy section */
		D134069F252123F300C7E07B /* PBXContainerItemProxy */ = {
			isa = PBXContainerItemProxy;
			containerPortal = D1340680252123F200C7E07B /* Project object */;
			proxyType = 1;
			remoteGlobalIDString = D1340687252123F200C7E07B;
			remoteInfo = ARDicee;
		};
		D13406AA252123F300C7E07B /* PBXContainerItemProxy */ = {
			isa = PBXContainerItemProxy;
			containerPortal = D1340680252123F200C7E07B /* Project object */;
			proxyType = 1;
			remoteGlobalIDString = D1340687252123F200C7E07B;
			remoteInfo = ARDicee;
		};
/* End PBXContainerItemProxy section */

/* Begin PBXFileReference section */
		D1340688252123F200C7E07B /* ARDicee.app */ = {isa = PBXFileReference; explicitFileType = wrapper.application; includeInIndex = 0; path = ARDicee.app; sourceTree = BUILT_PRODUCTS_DIR; };
		D134068B252123F200C7E07B /* AppDelegate.swift */ = {isa = PBXFileReference; lastKnownFileType = sourcecode.swift; path = AppDelegate.swift; sourceTree = "<group>"; };
		D134068D252123F200C7E07B /* art.scnassets */ = {isa = PBXFileReference; lastKnownFileType = wrapper.scnassets; path = art.scnassets; sourceTree = "<group>"; };
		D134068F252123F200C7E07B /* ViewController.swift */ = {isa = PBXFileReference; lastKnownFileType = sourcecode.swift; path = ViewController.swift; sourceTree = "<group>"; };
		D1340692252123F200C7E07B /* Base */ = {isa = PBXFileReference; lastKnownFileType = file.storyboard; name = Base; path = Base.lproj/Main.storyboard; sourceTree = "<group>"; };
		D1340694252123F300C7E07B /* Assets.xcassets */ = {isa = PBXFileReference; lastKnownFileType = folder.assetcatalog; path = Assets.xcassets; sourceTree = "<group>"; };
		D1340697252123F300C7E07B /* Base */ = {isa = PBXFileReference; lastKnownFileType = file.storyboard; name = Base; path = Base.lproj/LaunchScreen.storyboard; sourceTree = "<group>"; };
		D1340699252123F300C7E07B /* Info.plist */ = {isa = PBXFileReference; lastKnownFileType = text.plist.xml; path = Info.plist; sourceTree = "<group>"; };
		D134069E252123F300C7E07B /* ARDiceeTests.xctest */ = {isa = PBXFileReference; explicitFileType = wrapper.cfbundle; includeInIndex = 0; path = ARDiceeTests.xctest; sourceTree = BUILT_PRODUCTS_DIR; };
		D13406A2252123F300C7E07B /* ARDiceeTests.swift */ = {isa = PBXFileReference; lastKnownFileType = sourcecode.swift; path = ARDiceeTests.swift; sourceTree = "<group>"; };
		D13406A4252123F300C7E07B /* Info.plist */ = {isa = PBXFileReference; lastKnownFileType = text.plist.xml; path = Info.plist; sourceTree = "<group>"; };
		D13406A9252123F300C7E07B /* ARDiceeUITests.xctest */ = {isa = PBXFileReference; explicitFileType = wrapper.cfbundle; includeInIndex = 0; path = ARDiceeUITests.xctest; sourceTree = BUILT_PRODUCTS_DIR; };
		D13406AD252123F300C7E07B /* ARDiceeUITests.swift */ = {isa = PBXFileReference; lastKnownFileType = sourcecode.swift; path = ARDiceeUITests.swift; sourceTree = "<group>"; };
		D13406AF252123F300C7E07B /* Info.plist */ = {isa = PBXFileReference; lastKnownFileType = text.plist.xml; path = Info.plist; sourceTree = "<group>"; };
/* End PBXFileReference section */

/* Begin PBXFrameworksBuildPhase section */
		D1340685252123F200C7E07B /* Frameworks */ = {
			isa = PBXFrameworksBuildPhase;
			buildActionMask = 2147483647;
			files = (
			);
			runOnlyForDeploymentPostprocessing = 0;
		};
		D134069B252123F300C7E07B /* Frameworks */ = {
			isa = PBXFrameworksBuildPhase;
			buildActionMask = 2147483647;
			files = (
			);
			runOnlyForDeploymentPostprocessing = 0;
		};
		D13406A6252123F300C7E07B /* Frameworks */ = {
			isa = PBXFrameworksBuildPhase;
			buildActionMask = 2147483647;
			files = (
			);
			runOnlyForDeploymentPostprocessing = 0;
		};
/* End PBXFrameworksBuildPhase section */

/* Begin PBXGroup section */
		D134067F252123F200C7E07B = {
			isa = PBXGroup;
			children = (
				D134068A252123F200C7E07B /* ARDicee */,
				D13406A1252123F300C7E07B /* ARDiceeTests */,
				D13406AC252123F300C7E07B /* ARDiceeUITests */,
				D1340689252123F200C7E07B /* Products */,
			);
			sourceTree = "<group>";
		};
		D1340689252123F200C7E07B /* Products */ = {
			isa = PBXGroup;
			children = (
				D1340688252123F200C7E07B /* ARDicee.app */,
				D134069E252123F300C7E07B /* ARDiceeTests.xctest */,
				D13406A9252123F300C7E07B /* ARDiceeUITests.xctest */,
			);
			name = Products;
			sourceTree = "<group>";
		};
		D134068A252123F200C7E07B /* ARDicee */ = {
			isa = PBXGroup;
			children = (
				D134068B252123F200C7E07B /* AppDelegate.swift */,
				D134068D252123F200C7E07B /* art.scnassets */,
				D134068F252123F200C7E07B /* ViewController.swift */,
				D1340691252123F200C7E07B /* Main.storyboard */,
				D1340694252123F300C7E07B /* Assets.xcassets */,
				D1340696252123F300C7E07B /* LaunchScreen.storyboard */,
				D1340699252123F300C7E07B /* Info.plist */,
			);
			path = ARDicee;
			sourceTree = "<group>";
		};
		D13406A1252123F300C7E07B /* ARDiceeTests */ = {
			isa = PBXGroup;
			children = (
				D13406A2252123F300C7E07B /* ARDiceeTests.swift */,
				D13406A4252123F300C7E07B /* Info.plist */,
			);
			path = ARDiceeTests;
			sourceTree = "<group>";
		};
		D13406AC252123F300C7E07B /* ARDiceeUITests */ = {
			isa = PBXGroup;
			children = (
				D13406AD252123F300C7E07B /* ARDiceeUITests.swift */,
				D13406AF252123F300C7E07B /* Info.plist */,
			);
			path = ARDiceeUITests;
			sourceTree = "<group>";
		};
/* End PBXGroup section */

/* Begin PBXNativeTarget section */
		D1340687252123F200C7E07B /* ARDicee */ = {
			isa = PBXNativeTarget;
			buildConfigurationList = D13406B2252123F300C7E07B /* Build configuration list for PBXNativeTarget "ARDicee" */;
			buildPhases = (
				D1340684252123F200C7E07B /* Sources */,
				D1340685252123F200C7E07B /* Frameworks */,
				D1340686252123F200C7E07B /* Resources */,
			);
			buildRules = (
			);
			dependencies = (
			);
			name = ARDicee;
			productName = ARDicee;
			productReference = D1340688252123F200C7E07B /* ARDicee.app */;
			productType = "com.apple.product-type.application";
		};
		D134069D252123F300C7E07B /* ARDiceeTests */ = {
			isa = PBXNativeTarget;
			buildConfigurationList = D13406B5252123F300C7E07B /* Build configuration list for PBXNativeTarget "ARDiceeTests" */;
			buildPhases = (
				D134069A252123F300C7E07B /* Sources */,
				D134069B252123F300C7E07B /* Frameworks */,
				D134069C252123F300C7E07B /* Resources */,
			);
			buildRules = (
			);
			dependencies = (
				D13406A0252123F300C7E07B /* PBXTargetDependency */,
			);
			name = ARDiceeTests;
			productName = ARDiceeTests;
			productReference = D134069E252123F300C7E07B /* ARDiceeTests.xctest */;
			productType = "com.apple.product-type.bundle.unit-test";
		};
		D13406A8252123F300C7E07B /* ARDiceeUITests */ = {
			isa = PBXNativeTarget;
			buildConfigurationList = D13406B8252123F300C7E07B /* Build configuration list for PBXNativeTarget "ARDiceeUITests" */;
			buildPhases = (
				D13406A5252123F300C7E07B /* Sources */,
				D13406A6252123F300C7E07B /* Frameworks */,
				D13406A7252123F300C7E07B /* Resources */,
			);
			buildRules = (
			);
			dependencies = (
				D13406AB252123F300C7E07B /* PBXTargetDependency */,
			);
			name = ARDiceeUITests;
			productName = ARDiceeUITests;
			productReference = D13406A9252123F300C7E07B /* ARDiceeUITests.xctest */;
			productType = "com.apple.product-type.bundle.ui-testing";
		};
/* End PBXNativeTarget section */

/* Begin PBXProject section */
		D1340680252123F200C7E07B /* Project object */ = {
			isa = PBXProject;
			attributes = {
				LastSwiftUpdateCheck = 1200;
				LastUpgradeCheck = 1200;
				TargetAttributes = {
					D1340687252123F200C7E07B = {
						CreatedOnToolsVersion = 12.0.1;
					};
					D134069D252123F300C7E07B = {
						CreatedOnToolsVersion = 12.0.1;
						TestTargetID = D1340687252123F200C7E07B;
					};
					D13406A8252123F300C7E07B = {
						CreatedOnToolsVersion = 12.0.1;
						TestTargetID = D1340687252123F200C7E07B;
					};
				};
			};
			buildConfigurationList = D1340683252123F200C7E07B /* Build configuration list for PBXProject "ARDicee" */;
			compatibilityVersion = "Xcode 9.3";
			developmentRegion = en;
			hasScannedForEncodings = 0;
			knownRegions = (
				en,
				Base,
			);
			mainGroup = D134067F252123F200C7E07B;
			productRefGroup = D1340689252123F200C7E07B /* Products */;
			projectDirPath = "";
			projectRoot = "";
			targets = (
				D1340687252123F200C7E07B /* ARDicee */,
				D134069D252123F300C7E07B /* ARDiceeTests */,
				D13406A8252123F300C7E07B /* ARDiceeUITests */,
			);
		};
/* End PBXProject section */

/* Begin PBXResourcesBuildPhase section */
		D1340686252123F200C7E07B /* Resources */ = {
			isa = PBXResourcesBuildPhase;
			buildActionMask = 2147483647;
			files = (
				D134068E252123F200C7E07B /* art.scnassets in Resources */,
				D1340698252123F300C7E07B /* LaunchScreen.storyboard in Resources */,
				D1340695252123F300C7E07B /* Assets.xcassets in Resources */,
				D1340693252123F200C7E07B /* Main.storyboard in Resources */,
			);
			runOnlyForDeploymentPostprocessing = 0;
		};
		D134069C252123F300C7E07B /* Resources */ = {
			isa = PBXResourcesBuildPhase;
			buildActionMask = 2147483647;
			files = (
			);
			runOnlyForDeploymentPostprocessing = 0;
		};
		D13406A7252123F300C7E07B /* Resources */ = {
			isa = PBXResourcesBuildPhase;
			buildActionMask = 2147483647;
			files = (
			);
			runOnlyForDeploymentPostprocessing = 0;
		};
/* End PBXResourcesBuildPhase section */

/* Begin PBXSourcesBuildPhase section */
		D1340684252123F200C7E07B /* Sources */ = {
			isa = PBXSourcesBuildPhase;
			buildActionMask = 2147483647;
			files = (
				D1340690252123F200C7E07B /* ViewController.swift in Sources */,
				D134068C252123F200C7E07B /* AppDelegate.swift in Sources */,
			);
			runOnlyForDeploymentPostprocessing = 0;
		};
		D134069A252123F300C7E07B /* Sources */ = {
			isa = PBXSourcesBuildPhase;
			buildActionMask = 2147483647;
			files = (
				D13406A3252123F300C7E07B /* ARDiceeTests.swift in Sources */,
			);
			runOnlyForDeploymentPostprocessing = 0;
		};
		D13406A5252123F300C7E07B /* Sources */ = {
			isa = PBXSourcesBuildPhase;
			buildActionMask = 2147483647;
			files = (
				D13406AE252123F300C7E07B /* ARDiceeUITests.swift in Sources */,
			);
			runOnlyForDeploymentPostprocessing = 0;
		};
/* End PBXSourcesBuildPhase section */

/* Begin PBXTargetDependency section */
		D13406A0252123F300C7E07B /* PBXTargetDependency */ = {
			isa = PBXTargetDependency;
			target = D1340687252123F200C7E07B /* ARDicee */;
			targetProxy = D134069F252123F300C7E07B /* PBXContainerItemProxy */;
		};
		D13406AB252123F300C7E07B /* PBXTargetDependency */ = {
			isa = PBXTargetDependency;
			target = D1340687252123F200C7E07B /* ARDicee */;
			targetProxy = D13406AA252123F300C7E07B /* PBXContainerItemProxy */;
		};
/* End PBXTargetDependency section */

/* Begin PBXVariantGroup section */
		D1340691252123F200C7E07B /* Main.storyboard */ = {
			isa = PBXVariantGroup;
			children = (
				D1340692252123F200C7E07B /* Base */,
			);
			name = Main.storyboard;
			sourceTree = "<group>";
		};
		D1340696252123F300C7E07B /* LaunchScreen.storyboard */ = {
			isa = PBXVariantGroup;
			children = (
				D1340697252123F300C7E07B /* Base */,
			);
			name = LaunchScreen.storyboard;
			sourceTree = "<group>";
		};
/* End PBXVariantGroup section */

/* Begin XCBuildConfiguration section */
		D13406B0252123F300C7E07B /* Debug */ = {
			isa = XCBuildConfiguration;
			buildSettings = {
				ALWAYS_SEARCH_USER_PATHS = NO;
				CLANG_ANALYZER_NONNULL = YES;
				CLANG_ANALYZER_NUMBER_OBJECT_CONVERSION = YES_AGGRESSIVE;
				CLANG_CXX_LANGUAGE_STANDARD = "gnu++14";
				CLANG_CXX_LIBRARY = "libc++";
				CLANG_ENABLE_MODULES = YES;
				CLANG_ENABLE_OBJC_ARC = YES;
				CLANG_ENABLE_OBJC_WEAK = YES;
				CLANG_WARN_BLOCK_CAPTURE_AUTORELEASING = YES;
				CLANG_WARN_BOOL_CONVERSION = YES;
				CLANG_WARN_COMMA = YES;
				CLANG_WARN_CONSTANT_CONVERSION = YES;
				CLANG_WARN_DEPRECATED_OBJC_IMPLEMENTATIONS = YES;
				CLANG_WARN_DIRECT_OBJC_ISA_USAGE = YES_ERROR;
				CLANG_WARN_DOCUMENTATION_COMMENTS = YES;
				CLANG_WARN_EMPTY_BODY = YES;
				CLANG_WARN_ENUM_CONVERSION = YES;
				CLANG_WARN_INFINITE_RECURSION = YES;
				CLANG_WARN_INT_CONVERSION = YES;
				CLANG_WARN_NON_LITERAL_NULL_CONVERSION = YES;
				CLANG_WARN_OBJC_IMPLICIT_RETAIN_SELF = YES;
				CLANG_WARN_OBJC_LITERAL_CONVERSION = YES;
				CLANG_WARN_OBJC_ROOT_CLASS = YES_ERROR;
				CLANG_WARN_QUOTED_INCLUDE_IN_FRAMEWORK_HEADER = YES;
				CLANG_WARN_RANGE_LOOP_ANALYSIS = YES;
				CLANG_WARN_STRICT_PROTOTYPES = YES;
				CLANG_WARN_SUSPICIOUS_MOVE = YES;
				CLANG_WARN_UNGUARDED_AVAILABILITY = YES_AGGRESSIVE;
				CLANG_WARN_UNREACHABLE_CODE = YES;
				CLANG_WARN__DUPLICATE_METHOD_MATCH = YES;
				COPY_PHASE_STRIP = NO;
				DEBUG_INFORMATION_FORMAT = dwarf;
				ENABLE_STRICT_OBJC_MSGSEND = YES;
				ENABLE_TESTABILITY = YES;
				GCC_C_LANGUAGE_STANDARD = gnu11;
				GCC_DYNAMIC_NO_PIC = NO;
				GCC_NO_COMMON_BLOCKS = YES;
				GCC_OPTIMIZATION_LEVEL = 0;
				GCC_PREPROCESSOR_DEFINITIONS = (
					"DEBUG=1",
					"$(inherited)",
				);
				GCC_WARN_64_TO_32_BIT_CONVERSION = YES;
				GCC_WARN_ABOUT_RETURN_TYPE = YES_ERROR;
				GCC_WARN_UNDECLARED_SELECTOR = YES;
				GCC_WARN_UNINITIALIZED_AUTOS = YES_AGGRESSIVE;
				GCC_WARN_UNUSED_FUNCTION = YES;
				GCC_WARN_UNUSED_VARIABLE = YES;
				IPHONEOS_DEPLOYMENT_TARGET = 14.0;
				MTL_ENABLE_DEBUG_INFO = INCLUDE_SOURCE;
				MTL_FAST_MATH = YES;
				ONLY_ACTIVE_ARCH = YES;
				SDKROOT = iphoneos;
				SWIFT_ACTIVE_COMPILATION_CONDITIONS = DEBUG;
				SWIFT_OPTIMIZATION_LEVEL = "-Onone";
			};
			name = Debug;
		};
		D13406B1252123F300C7E07B /* Release */ = {
			isa = XCBuildConfiguration;
			buildSettings = {
				ALWAYS_SEARCH_USER_PATHS = NO;
				CLANG_ANALYZER_NONNULL = YES;
				CLANG_ANALYZER_NUMBER_OBJECT_CONVERSION = YES_AGGRESSIVE;
				CLANG_CXX_LANGUAGE_STANDARD = "gnu++14";
				CLANG_CXX_LIBRARY = "libc++";
				CLANG_ENABLE_MODULES = YES;
				CLANG_ENABLE_OBJC_ARC = YES;
				CLANG_ENABLE_OBJC_WEAK = YES;
				CLANG_WARN_BLOCK_CAPTURE_AUTORELEASING = YES;
				CLANG_WARN_BOOL_CONVERSION = YES;
				CLANG_WARN_COMMA = YES;
				CLANG_WARN_CONSTANT_CONVERSION = YES;
				CLANG_WARN_DEPRECATED_OBJC_IMPLEMENTATIONS = YES;
				CLANG_WARN_DIRECT_OBJC_ISA_USAGE = YES_ERROR;
				CLANG_WARN_DOCUMENTATION_COMMENTS = YES;
				CLANG_WARN_EMPTY_BODY = YES;
				CLANG_WARN_ENUM_CONVERSION = YES;
				CLANG_WARN_INFINITE_RECURSION = YES;
				CLANG_WARN_INT_CONVERSION = YES;
				CLANG_WARN_NON_LITERAL_NULL_CONVERSION = YES;
				CLANG_WARN_OBJC_IMPLICIT_RETAIN_SELF = YES;
				CLANG_WARN_OBJC_LITERAL_CONVERSION = YES;
				CLANG_WARN_OBJC_ROOT_CLASS = YES_ERROR;
				CLANG_WARN_QUOTED_INCLUDE_IN_FRAMEWORK_HEADER = YES;
				CLANG_WARN_RANGE_LOOP_ANALYSIS = YES;
				CLANG_WARN_STRICT_PROTOTYPES = YES;
				CLANG_WARN_SUSPICIOUS_MOVE = YES;
				CLANG_WARN_UNGUARDED_AVAILABILITY = YES_AGGRESSIVE;
				CLANG_WARN_UNREACHABLE_CODE = YES;
				CLANG_WARN__DUPLICATE_METHOD_MATCH = YES;
				COPY_PHASE_STRIP = NO;
				DEBUG_INFORMATION_FORMAT = "dwarf-with-dsym";
				ENABLE_NS_ASSERTIONS = NO;
				ENABLE_STRICT_OBJC_MSGSEND = YES;
				GCC_C_LANGUAGE_STANDARD = gnu11;
				GCC_NO_COMMON_BLOCKS = YES;
				GCC_WARN_64_TO_32_BIT_CONVERSION = YES;
				GCC_WARN_ABOUT_RETURN_TYPE = YES_ERROR;
				GCC_WARN_UNDECLARED_SELECTOR = YES;
				GCC_WARN_UNINITIALIZED_AUTOS = YES_AGGRESSIVE;
				GCC_WARN_UNUSED_FUNCTION = YES;
				GCC_WARN_UNUSED_VARIABLE = YES;
				IPHONEOS_DEPLOYMENT_TARGET = 14.0;
				MTL_ENABLE_DEBUG_INFO = NO;
				MTL_FAST_MATH = YES;
				SDKROOT = iphoneos;
				SWIFT_COMPILATION_MODE = wholemodule;
				SWIFT_OPTIMIZATION_LEVEL = "-O";
				VALIDATE_PRODUCT = YES;
			};
			name = Release;
		};
		D13406B3252123F300C7E07B /* Debug */ = {
			isa = XCBuildConfiguration;
			buildSettings = {
				ASSETCATALOG_COMPILER_APPICON_NAME = AppIcon;
				ASSETCATALOG_COMPILER_GLOBAL_ACCENT_COLOR_NAME = AccentColor;
				CODE_SIGN_STYLE = Automatic;
				DEVELOPMENT_TEAM = Z56UVR5Q3Z;
				INFOPLIST_FILE = ARDicee/Info.plist;
				LD_RUNPATH_SEARCH_PATHS = (
					"$(inherited)",
					"@executable_path/Frameworks",
				);
				PRODUCT_BUNDLE_IDENTIFIER = com.justynakowalkowska.ARDicee;
				PRODUCT_NAME = "$(TARGET_NAME)";
				SWIFT_VERSION = 5.0;
				TARGETED_DEVICE_FAMILY = "1,2";
			};
			name = Debug;
		};
		D13406B4252123F300C7E07B /* Release */ = {
			isa = XCBuildConfiguration;
			buildSettings = {
				ASSETCATALOG_COMPILER_APPICON_NAME = AppIcon;
				ASSETCATALOG_COMPILER_GLOBAL_ACCENT_COLOR_NAME = AccentColor;
				CODE_SIGN_STYLE = Automatic;
				DEVELOPMENT_TEAM = Z56UVR5Q3Z;
				INFOPLIST_FILE = ARDicee/Info.plist;
				LD_RUNPATH_SEARCH_PATHS = (
					"$(inherited)",
					"@executable_path/Frameworks",
				);
				PRODUCT_BUNDLE_IDENTIFIER = com.justynakowalkowska.ARDicee;
				PRODUCT_NAME = "$(TARGET_NAME)";
				SWIFT_VERSION = 5.0;
				TARGETED_DEVICE_FAMILY = "1,2";
			};
			name = Release;
		};
		D13406B6252123F300C7E07B /* Debug */ = {
			isa = XCBuildConfiguration;
			buildSettings = {
				ALWAYS_EMBED_SWIFT_STANDARD_LIBRARIES = YES;
				BUNDLE_LOADER = "$(TEST_HOST)";
				CODE_SIGN_STYLE = Automatic;
				DEVELOPMENT_TEAM = Z56UVR5Q3Z;
				INFOPLIST_FILE = ARDiceeTests/Info.plist;
				IPHONEOS_DEPLOYMENT_TARGET = 14.0;
				LD_RUNPATH_SEARCH_PATHS = (
					"$(inherited)",
					"@executable_path/Frameworks",
					"@loader_path/Frameworks",
				);
				PRODUCT_BUNDLE_IDENTIFIER = com.justynakowalkowska.ARDiceeTests;
				PRODUCT_NAME = "$(TARGET_NAME)";
				SWIFT_VERSION = 5.0;
				TARGETED_DEVICE_FAMILY = "1,2";
				TEST_HOST = "$(BUILT_PRODUCTS_DIR)/ARDicee.app/ARDicee";
			};
			name = Debug;
		};
		D13406B7252123F300C7E07B /* Release */ = {
			isa = XCBuildConfiguration;
			buildSettings = {
				ALWAYS_EMBED_SWIFT_STANDARD_LIBRARIES = YES;
				BUNDLE_LOADER = "$(TEST_HOST)";
				CODE_SIGN_STYLE = Automatic;
				DEVELOPMENT_TEAM = Z56UVR5Q3Z;
				INFOPLIST_FILE = ARDiceeTests/Info.plist;
				IPHONEOS_DEPLOYMENT_TARGET = 14.0;
				LD_RUNPATH_SEARCH_PATHS = (
					"$(inherited)",
					"@executable_path/Frameworks",
					"@loader_path/Frameworks",
				);
				PRODUCT_BUNDLE_IDENTIFIER = com.justynakowalkowska.ARDiceeTests;
				PRODUCT_NAME = "$(TARGET_NAME)";
				SWIFT_VERSION = 5.0;
				TARGETED_DEVICE_FAMILY = "1,2";
				TEST_HOST = "$(BUILT_PRODUCTS_DIR)/ARDicee.app/ARDicee";
			};
			name = Release;
		};
		D13406B9252123F300C7E07B /* Debug */ = {
			isa = XCBuildConfiguration;
			buildSettings = {
				ALWAYS_EMBED_SWIFT_STANDARD_LIBRARIES = YES;
				CODE_SIGN_STYLE = Automatic;
				DEVELOPMENT_TEAM = Z56UVR5Q3Z;
				INFOPLIST_FILE = ARDiceeUITests/Info.plist;
				LD_RUNPATH_SEARCH_PATHS = (
					"$(inherited)",
					"@executable_path/Frameworks",
					"@loader_path/Frameworks",
				);
				PRODUCT_BUNDLE_IDENTIFIER = com.justynakowalkowska.ARDiceeUITests;
				PRODUCT_NAME = "$(TARGET_NAME)";
				SWIFT_VERSION = 5.0;
				TARGETED_DEVICE_FAMILY = "1,2";
				TEST_TARGET_NAME = ARDicee;
			};
			name = Debug;
		};
		D13406BA252123F300C7E07B /* Release */ = {
			isa = XCBuildConfiguration;
			buildSettings = {
				ALWAYS_EMBED_SWIFT_STANDARD_LIBRARIES = YES;
				CODE_SIGN_STYLE = Automatic;
				DEVELOPMENT_TEAM = Z56UVR5Q3Z;
				INFOPLIST_FILE = ARDiceeUITests/Info.plist;
				LD_RUNPATH_SEARCH_PATHS = (
					"$(inherited)",
					"@executable_path/Frameworks",
					"@loader_path/Frameworks",
				);
				PRODUCT_BUNDLE_IDENTIFIER = com.justynakowalkowska.ARDiceeUITests;
				PRODUCT_NAME = "$(TARGET_NAME)";
				SWIFT_VERSION = 5.0;
				TARGETED_DEVICE_FAMILY = "1,2";
				TEST_TARGET_NAME = ARDicee;
			};
			name = Release;
		};
/* End XCBuildConfiguration section */

/* Begin XCConfigurationList section */
		D1340683252123F200C7E07B /* Build configuration list for PBXProject "ARDicee" */ = {
			isa = XCConfigurationList;
			buildConfigurations = (
				D13406B0252123F300C7E07B /* Debug */,
				D13406B1252123F300C7E07B /* Release */,
			);
			defaultConfigurationIsVisible = 0;
			defaultConfigurationName = Release;
		};
		D13406B2252123F300C7E07B /* Build configuration list for PBXNativeTarget "ARDicee" */ = {
			isa = XCConfigurationList;
			buildConfigurations = (
				D13406B3252123F300C7E07B /* Debug */,
				D13406B4252123F300C7E07B /* Release */,
			);
			defaultConfigurationIsVisible = 0;
			defaultConfigurationName = Release;
		};
		D13406B5252123F300C7E07B /* Build configuration list for PBXNativeTarget "ARDiceeTests" */ = {
			isa = XCConfigurationList;
			buildConfigurations = (
				D13406B6252123F300C7E07B /* Debug */,
				D13406B7252123F300C7E07B /* Release */,
			);
			defaultConfigurationIsVisible = 0;
			defaultConfigurationName = Release;
		};
		D13406B8252123F300C7E07B /* Build configuration list for PBXNativeTarget "ARDiceeUITests" */ = {
			isa = XCConfigurationList;
			buildConfigurations = (
				D13406B9252123F300C7E07B /* Debug */,
				D13406BA252123F300C7E07B /* Release */,
			);
			defaultConfigurationIsVisible = 0;
			defaultConfigurationName = Release;
		};
/* End XCConfigurationList section */
	};
	rootObject = D1340680252123F200C7E07B /* Project object */;
}
